
Microsoft Visual Studio Solution File, Format Version 12.00
# Visual Studio Version 16
VisualStudioVersion = 16.0.31205.134
MinimumVisualStudioVersion = 10.0.40219.1
Project("{FAE04EC0-301F-11D3-BF4B-00C04F79EFBC}") = "UltimateSearch", "UltimateSearch\UltimateSearch.csproj", "{02851E7E-6002-43B4-A32E-95476FA004FF}"
EndProject
Project("{FAE04EC0-301F-11D3-BF4B-00C04F79EFBC}") = "OpenUrl", "OpenUrl\OpenUrl.csproj", "{F733C101-76F2-456A-86F8-360D1D21CCFC}"
EndProject
Global
	GlobalSection(SolutionConfigurationPlatforms) = preSolution
		Debug|Any CPU = Debug|Any CPU
		Release|Any CPU = Release|Any CPU
	EndGlobalSection
	GlobalSection(ProjectConfigurationPlatforms) = postSolution
		{02851E7E-6002-43B4-A32E-95476FA004FF}.Debug|Any CPU.ActiveCfg = Debug|Any CPU
		{02851E7E-6002-43B4-A32E-95476FA004FF}.Debug|Any CPU.Build.0 = Debug|Any CPU
		{02851E7E-6002-43B4-A32E-95476FA004FF}.Release|Any CPU.ActiveCfg = Release|Any CPU
		{02851E7E-6002-43B4-A32E-95476FA004FF}.Release|Any CPU.Build.0 = Release|Any CPU
		{F733C101-76F2-456A-86F8-360D1D21CCFC}.Debug|Any CPU.ActiveCfg = Debug|Any CPU
		{F733C101-76F2-456A-86F8-360D1D21CCFC}.Debug|Any CPU.Build.0 = Debug|Any CPU
		{F733C101-76F2-456A-86F8-360D1D21CCFC}.Release|Any CPU.ActiveCfg = Release|Any CPU
		{F733C101-76F2-456A-86F8-360D1D21CCFC}.Release|Any CPU.Build.0 = Release|Any CPU
	EndGlobalSection
	GlobalSection(SolutionProperties) = preSolution
		HideSolutionNode = FALSE
	EndGlobalSection
	GlobalSection(ExtensibilityGlobals) = postSolution
		SolutionGuid = {8B7F28AF-ED8F-4726-9286-D37059EB254C}
	EndGlobalSection
EndGlobal
